version = 1
root = "layoutDrop"
compiler = "zeno-stage0 0.1.0"

[[package]]
name = "layoutDrop"
version = "0.1.0"
source = "path:."
manifestHash = "fnv1a64:8c8ce1d5031e58c4"
contentHash = "fnv1a64:099e00aed9ffce38"
trust = []
dependencies = [
]

[[package]]
name = "core"
version = "builtin"
source = "builtin:core"
compilerPackageHash = "fnv1a64:855693cef2029600"
trust = []
dependencies = [
]

