version = 1
root = "astSyntaxSurface"
compiler = "zeno-stage0 0.1.0"

[[package]]
name = "astSyntaxSurface"
version = "0.1.0"
source = "path:."
manifestHash = "fnv1a64:8fddf4355f985553"
contentHash = "fnv1a64:6a8cdd6bc1d53488"
trust = []
dependencies = [
  { key = "core", package = "core" },
]

[[package]]
name = "core"
version = "builtin"
source = "builtin:core"
compilerPackageHash = "fnv1a64:855693cef2029600"
trust = []
dependencies = [
]

