version = 1
root = "astSyntaxSurface"
compiler = "zeno-stage0 0.1.0"

[[package]]
name = "astSyntaxSurface"
version = "0.1.0"
source = "path:."
manifestHash = "fnv1a64:febffdde5ccedc98"
contentHash = "fnv1a64:9e0b2e1ab97e7c5d"
trust = []
dependencies = [
  { key = "core", package = "core" },
]

[[package]]
name = "core"
version = "builtin"
source = "builtin:core"
compilerPackageHash = "fnv1a64:855693cef2029600"
trust = []
dependencies = [
]

