version = 1
root = "nativeI64App"
compiler = "zeno-stage0 0.1.0"

[[package]]
name = "nativeI64App"
version = "0.0.0"
source = "path:."
manifestHash = "fnv1a64:dd1bb0a422ff3fd7"
contentHash = "fnv1a64:8a6b11ba99e0be8d"
trust = []
dependencies = [
]

[[package]]
name = "core"
version = "builtin"
source = "builtin:core"
compilerPackageHash = "fnv1a64:855693cef2029600"
trust = []
dependencies = [
]

