version = 1
root = "nativeApp"
compiler = "zeno-stage0 0.1.0"

[[package]]
name = "nativeApp"
version = "0.1.0"
source = "path:."
manifestHash = "fnv1a64:54b1996a526c9b12"
contentHash = "fnv1a64:5ea16943146ac5cd"
trust = []
dependencies = [
]

[[package]]
name = "core"
version = "builtin"
source = "builtin:core"
compilerPackageHash = "fnv1a64:855693cef2029600"
trust = []
dependencies = [
]

