version = 1
root = "nativeApp"
compiler = "zeno-stage0 0.1.0"

[[package]]
name = "nativeApp"
version = "0.1.0"
source = "path:."
manifestHash = "fnv1a64:74408c1000aeaa65"
contentHash = "fnv1a64:403a6bd60f396222"
trust = []
dependencies = [
]

[[package]]
name = "core"
version = "builtin"
source = "builtin:core"
compilerPackageHash = "fnv1a64:855693cef2029600"
trust = []
dependencies = [
]

