version = 1
root = "app"
compiler = "zeno-stage0 0.1.0"

[[package]]
name = "app"
version = "0.1.0"
source = "path:."
manifestHash = "fnv1a64:ff6ba0b0f31abbf0"
contentHash = "fnv1a64:209314c014b82b9e"
trust = []
dependencies = [
  { key = "std", package = "std" },
]

[[package]]
name = "core"
version = "builtin"
source = "builtin:core"
compilerPackageHash = "fnv1a64:855693cef2029600"
trust = []
dependencies = [
]

[[package]]
name = "std"
version = "builtin"
source = "builtin:std"
compilerPackageHash = "fnv1a64:803180c8ce4dc26c"
trust = []
dependencies = [
]

