version = 1
root = "nativeEnumMatchApp"
compiler = "zeno-stage0 0.1.0"

[[package]]
name = "nativeEnumMatchApp"
version = "0.1.0"
source = "path:."
manifestHash = "fnv1a64:447af6ecd195907f"
contentHash = "fnv1a64:e8108ee190d88714"
trust = []
dependencies = [
  { key = "core", package = "core" },
]

[[package]]
name = "core"
version = "builtin"
source = "builtin:core"
compilerPackageHash = "fnv1a64:855693cef2029600"
trust = []
dependencies = [
]

