version = 1
root = "interfaceAbiCache"
compiler = "zeno-stage0 0.1.0"

[[package]]
name = "interfaceAbiCache"
version = "0.1.0"
source = "path:."
manifestHash = "fnv1a64:cfd3ce89da0159cc"
contentHash = "fnv1a64:5904b908d125c3ad"
trust = []
dependencies = [
]

[[package]]
name = "core"
version = "builtin"
source = "builtin:core"
compilerPackageHash = "fnv1a64:855693cef2029600"
trust = []
dependencies = [
]

