version = 1
root = "interfaceAbiCache"
compiler = "zeno-stage0 0.1.0"

[[package]]
name = "interfaceAbiCache"
version = "0.1.0"
source = "path:."
manifestHash = "fnv1a64:3956653c6c3e4a67"
contentHash = "fnv1a64:4d57444137331e6a"
trust = []
dependencies = [
]

[[package]]
name = "core"
version = "builtin"
source = "builtin:core"
compilerPackageHash = "fnv1a64:855693cef2029600"
trust = []
dependencies = [
]

