version = 1
root = "astArtifact"
compiler = "zeno-stage0 0.1.0"

[[package]]
name = "astArtifact"
version = "0.1.0"
source = "path:."
manifestHash = "fnv1a64:994a1aca1954bebb"
contentHash = "fnv1a64:54f95a0ac992b9a2"
trust = []
dependencies = [
  { key = "core", package = "core" },
]

[[package]]
name = "core"
version = "builtin"
source = "builtin:core"
compilerPackageHash = "fnv1a64:855693cef2029600"
trust = []
dependencies = [
]

