version = 1
root = "nativeStructApp"
compiler = "zeno-stage0 0.1.0"

[[package]]
name = "nativeStructApp"
version = "0.1.0"
source = "path:."
manifestHash = "fnv1a64:61d8634a48600154"
contentHash = "fnv1a64:2daea0f700247be2"
trust = []
dependencies = [
  { key = "core", package = "core" },
]

[[package]]
name = "core"
version = "builtin"
source = "builtin:core"
compilerPackageHash = "fnv1a64:855693cef2029600"
trust = []
dependencies = [
]

