version = 1
root = "alloc"
compiler = "zeno-stage0 0.1.0"

[[package]]
name = "alloc"
version = "builtin"
source = "path:."
manifestHash = "fnv1a64:741d0a9c7989732f"
contentHash = "fnv1a64:8946d6a103a9105d"
trust = []
dependencies = [
  { key = "core", package = "core" },
]

[[package]]
name = "core"
version = "builtin"
source = "builtin:core"
compilerPackageHash = "fnv1a64:855693cef2029600"
trust = []
dependencies = [
]

