version = 1
root = "nativeMixedEnumApp"
compiler = "zeno-stage0 0.1.0"

[[package]]
name = "nativeMixedEnumApp"
version = "0.0.0"
source = "path:."
manifestHash = "fnv1a64:d536f714d8990402"
contentHash = "fnv1a64:ad83ebdd9a25498a"
trust = []
dependencies = [
]

[[package]]
name = "core"
version = "builtin"
source = "builtin:core"
compilerPackageHash = "fnv1a64:855693cef2029600"
trust = []
dependencies = [
]

