version = 1
root = "nativeNarrowIntApp"
compiler = "zeno-stage0 0.1.0"

[[package]]
name = "nativeNarrowIntApp"
version = "0.0.0"
source = "path:."
manifestHash = "fnv1a64:4c52f8f176dd305a"
contentHash = "fnv1a64:7ea4fe10accd5d3b"
trust = []
dependencies = [
]

[[package]]
name = "core"
version = "builtin"
source = "builtin:core"
compilerPackageHash = "fnv1a64:855693cef2029600"
trust = []
dependencies = [
]

