version = 1
root = "nativeTryResultApp"
compiler = "zeno-stage0 0.1.0"

[[package]]
name = "nativeTryResultApp"
version = "0.1.0"
source = "path:."
manifestHash = "fnv1a64:acc722082a335475"
contentHash = "fnv1a64:06ec97348b4815d0"
trust = []
dependencies = [
  { key = "core", package = "core" },
]

[[package]]
name = "core"
version = "builtin"
source = "builtin:core"
compilerPackageHash = "fnv1a64:855693cef2029600"
trust = []
dependencies = [
]

