version = 1
root = "nativeTryResultApp"
compiler = "zeno-stage0 0.1.0"

[[package]]
name = "nativeTryResultApp"
version = "0.1.0"
source = "path:."
manifestHash = "fnv1a64:886b6af76f548ea3"
contentHash = "fnv1a64:71b6461d0426e84e"
trust = []
dependencies = [
  { key = "core", package = "core" },
]

[[package]]
name = "core"
version = "builtin"
source = "builtin:core"
compilerPackageHash = "fnv1a64:855693cef2029600"
trust = []
dependencies = [
]

