version = 1
root = "nativeBoolApp"
compiler = "zeno-stage0 0.1.0"

[[package]]
name = "nativeBoolApp"
version = "0.1.0"
source = "path:."
manifestHash = "fnv1a64:539e27b7b9b03c26"
contentHash = "fnv1a64:6b843de6eced0d5f"
trust = []
dependencies = [
]

[[package]]
name = "core"
version = "builtin"
source = "builtin:core"
compilerPackageHash = "fnv1a64:855693cef2029600"
trust = []
dependencies = [
]

