version = 1
root = "nativeBoolApp"
compiler = "zeno-stage0 0.1.0"

[[package]]
name = "nativeBoolApp"
version = "0.1.0"
source = "path:."
manifestHash = "fnv1a64:9bf8214ba70831dc"
contentHash = "fnv1a64:99082f2bc5cdb7bd"
trust = []
dependencies = [
]

[[package]]
name = "core"
version = "builtin"
source = "builtin:core"
compilerPackageHash = "fnv1a64:855693cef2029600"
trust = []
dependencies = [
]

