version = 1
root = "nativeF32App"
compiler = "zeno-stage0 0.1.0"

[[package]]
name = "nativeF32App"
version = "0.0.0"
source = "path:."
manifestHash = "fnv1a64:b7b674b347dbbd07"
contentHash = "fnv1a64:ad1ea01c8bba6a77"
trust = []
dependencies = [
]

[[package]]
name = "core"
version = "builtin"
source = "builtin:core"
compilerPackageHash = "fnv1a64:855693cef2029600"
trust = []
dependencies = [
]

