version = 1
root = "nativeF32App"
compiler = "zeno-stage0 0.1.0"

[[package]]
name = "nativeF32App"
version = "0.0.0"
source = "path:."
manifestHash = "fnv1a64:4b8f285e6b8c056b"
contentHash = "fnv1a64:b257ca1660c3d453"
trust = []
dependencies = [
]

[[package]]
name = "core"
version = "builtin"
source = "builtin:core"
compilerPackageHash = "fnv1a64:855693cef2029600"
trust = []
dependencies = [
]

