version = 1
root = "hostedThread"
compiler = "zeno-stage0 0.1.0"

[[package]]
name = "hostedThread"
version = "0.1.0"
source = "path:."
manifestHash = "fnv1a64:dcb05e2a105a0d0b"
contentHash = "fnv1a64:7732fe2f79e9dc21"
trust = []
dependencies = [
  { key = "std", package = "std" },
]

[[package]]
name = "core"
version = "builtin"
source = "builtin:core"
compilerPackageHash = "fnv1a64:855693cef2029600"
trust = []
dependencies = [
]

[[package]]
name = "std"
version = "builtin"
source = "builtin:std"
compilerPackageHash = "fnv1a64:803180c8ce4dc26c"
trust = []
dependencies = [
]

