version = 1
root = "cBridgeRuntime"
compiler = "zeno-stage0 0.1.0"

[[package]]
name = "cBridgeRuntime"
version = "0.1.0"
source = "path:."
manifestHash = "fnv1a64:8db91e5bdf136736"
contentHash = "fnv1a64:f8593e57c5c61e9f"
trust = []
dependencies = [
]

[[package]]
name = "core"
version = "builtin"
source = "builtin:core"
compilerPackageHash = "fnv1a64:855693cef2029600"
trust = []
dependencies = [
]

