version = 1
root = "app"
compiler = "zeno-stage0 0.1.0"

[[package]]
name = "app"
version = "0.1.0"
source = "path:."
manifestHash = "fnv1a64:c0ecf8668fdd8dba"
contentHash = "fnv1a64:d5b9525d3f98efcb"
trust = []
dependencies = [
  { key = "hash", package = "hash" },
  { key = "log", package = "log" },
]

[[package]]
name = "hash"
version = "0.3.0"
source = "git:https://example.com/hash.git#4f9c2a7d8e9f00112233445566778899aabbccdd"
manifestHash = "sha256:hash-manifest"
contentHash = "sha256:hash-content"
trust = []
dependencies = []

[[package]]
name = "log"
version = "1.2.3"
source = "registry:log@1.2.3"
registry = "https://packages.zeno.dev"
manifestHash = "sha256:log-manifest"
contentHash = "sha256:log-content"
trust = []
dependencies = []
