version = 1
root = "artifactLib"
compiler = "zeno-stage0 0.1.0"

[[package]]
name = "artifactLib"
version = "0.1.0"
source = "path:."
manifestHash = "fnv1a64:11c4728a79d841fc"
contentHash = "fnv1a64:65ff255e21a620ec"
trust = []
dependencies = [
]

[[package]]
name = "core"
version = "builtin"
source = "builtin:core"
compilerPackageHash = "fnv1a64:855693cef2029600"
trust = []
dependencies = [
]

