version = 1
root = "nativeSizeApp"
compiler = "zeno-stage0 0.1.0"

[[package]]
name = "nativeSizeApp"
version = "0.0.0"
source = "path:."
manifestHash = "fnv1a64:5f81c8541ec938ef"
contentHash = "fnv1a64:c0a110b5e540ac4a"
trust = []
dependencies = [
]

[[package]]
name = "core"
version = "builtin"
source = "builtin:core"
compilerPackageHash = "fnv1a64:855693cef2029600"
trust = []
dependencies = [
]

