version = 1
root = "nativeSizeApp"
compiler = "zeno-stage0 0.1.0"

[[package]]
name = "nativeSizeApp"
version = "0.0.0"
source = "path:."
manifestHash = "fnv1a64:ac301f442a302a50"
contentHash = "fnv1a64:3eb82077a80c9063"
trust = []
dependencies = [
]

[[package]]
name = "core"
version = "builtin"
source = "builtin:core"
compilerPackageHash = "fnv1a64:855693cef2029600"
trust = []
dependencies = [
]

