version = 1
root = "nativeF64App"
compiler = "zeno-stage0 0.1.0"

[[package]]
name = "nativeF64App"
version = "0.0.0"
source = "path:."
manifestHash = "fnv1a64:2215eab10a0af3bf"
contentHash = "fnv1a64:095bfafcc2961bec"
trust = []
dependencies = [
]

[[package]]
name = "core"
version = "builtin"
source = "builtin:core"
compilerPackageHash = "fnv1a64:855693cef2029600"
trust = []
dependencies = [
]

