version = 1
root = "nativeF64App"
compiler = "zeno-stage0 0.1.0"

[[package]]
name = "nativeF64App"
version = "0.0.0"
source = "path:."
manifestHash = "fnv1a64:c025ed05a7cb6161"
contentHash = "fnv1a64:41e9c72d019f1c04"
trust = []
dependencies = [
]

[[package]]
name = "core"
version = "builtin"
source = "builtin:core"
compilerPackageHash = "fnv1a64:855693cef2029600"
trust = []
dependencies = [
]

