version = 1
root = "nativeMixedStructApp"
compiler = "zeno-stage0 0.1.0"

[[package]]
name = "nativeMixedStructApp"
version = "0.0.0"
source = "path:."
manifestHash = "fnv1a64:6bb2933fb3bf21de"
contentHash = "fnv1a64:13939f37c084b475"
trust = []
dependencies = [
]

[[package]]
name = "core"
version = "builtin"
source = "builtin:core"
compilerPackageHash = "fnv1a64:855693cef2029600"
trust = []
dependencies = [
]

