version = 1
root = "nativeGenericMixedEnumApp"
compiler = "zeno-stage0 0.1.0"

[[package]]
name = "nativeGenericMixedEnumApp"
version = "0.0.0"
source = "path:."
manifestHash = "fnv1a64:ca9e11e5ea7cfeb0"
contentHash = "fnv1a64:1953e16383bb795b"
trust = []
dependencies = [
]

[[package]]
name = "core"
version = "builtin"
source = "builtin:core"
compilerPackageHash = "fnv1a64:855693cef2029600"
trust = []
dependencies = [
]

