version = 1
root = "nativeU32App"
compiler = "zeno-stage0 0.1.0"

[[package]]
name = "nativeU32App"
version = "0.0.0"
source = "path:."
manifestHash = "fnv1a64:9ef644fc2402fe07"
contentHash = "fnv1a64:eb1c121debeea757"
trust = []
dependencies = [
]

[[package]]
name = "core"
version = "builtin"
source = "builtin:core"
compilerPackageHash = "fnv1a64:855693cef2029600"
trust = []
dependencies = [
]

