version = 1
root = "nativeForRangeApp"
compiler = "zeno-stage0 0.1.0"

[[package]]
name = "nativeForRangeApp"
version = "0.1.0"
source = "path:."
manifestHash = "fnv1a64:0e9c3fd7c40eeaee"
contentHash = "fnv1a64:c4e996207e4fb6a5"
trust = []
dependencies = [
  { key = "core", package = "core" },
]

[[package]]
name = "core"
version = "builtin"
source = "builtin:core"
compilerPackageHash = "fnv1a64:855693cef2029600"
trust = []
dependencies = [
]

