version = 1
root = "nativeForRangeApp"
compiler = "zeno-stage0 0.1.0"

[[package]]
name = "nativeForRangeApp"
version = "0.1.0"
source = "path:."
manifestHash = "fnv1a64:764192683130a946"
contentHash = "fnv1a64:fc3d392a60289652"
trust = []
dependencies = [
  { key = "core", package = "core" },
]

[[package]]
name = "core"
version = "builtin"
source = "builtin:core"
compilerPackageHash = "fnv1a64:855693cef2029600"
trust = []
dependencies = [
]

