version = 1
root = "nativeForRangeApp"
compiler = "zeno-stage0 0.1.0"

[[package]]
name = "nativeForRangeApp"
version = "0.1.0"
source = "path:."
manifestHash = "fnv1a64:5b1a71fb0bf969ba"
contentHash = "fnv1a64:ef4075ae93cf0fae"
trust = []
dependencies = [
  { key = "core", package = "core" },
]

[[package]]
name = "core"
version = "builtin"
source = "builtin:core"
compilerPackageHash = "fnv1a64:855693cef2029600"
trust = []
dependencies = [
]

